// !$*UTF8*$!
{
	archiveVersion = 1;
	classes = {
	};
	objectVersion = 46;
	objects = {

/* Begin PBXBuildFile section */
		CEAB09011B80D05D002C57CE /* main.m in Sources */ = {isa = PBXBuildFile; fileRef = CEAB09001B80D05D002C57CE /* main.m */; };
		CEAB09041B80D05D002C57CE /* AppDelegate.m in Sources */ = {isa = PBXBuildFile; fileRef = CEAB09031B80D05D002C57CE /* AppDelegate.m */; };
		CEAB09071B80D05D002C57CE /* ViewController.m in Sources */ = {isa = PBXBuildFile; fileRef = CEAB09061B80D05D002C57CE /* ViewController.m */; };
		CEAB090A1B80D05D002C57CE /* Main.storyboard in Resources */ = {isa = PBXBuildFile; fileRef = CEAB09081B80D05D002C57CE /* Main.storyboard */; };
		CEAB090C1B80D05D002C57CE /* Images.xcassets in Resources */ = {isa = PBXBuildFile; fileRef = CEAB090B1B80D05D002C57CE /* Images.xcassets */; };
		CEAB090F1B80D05D002C57CE /* LaunchScreen.xib in Resources */ = {isa = PBXBuildFile; fileRef = CEAB090D1B80D05D002C57CE /* LaunchScreen.xib */; };
		CEAB091B1B80D05D002C57CE /* NSThread2Tests.m in Sources */ = {isa = PBXBuildFile; fileRef = CEAB091A1B80D05D002C57CE /* NSThread2Tests.m */; };
/* End PBXBuildFile section */

/* Begin PBXContainerItemProxy section */
		CEAB09151B80D05D002C57CE /* PBXContainerItemProxy */ = {
			isa = PBXContainerItemProxy;
			containerPortal = CEAB08F31B80D05C002C57CE /* Project object */;
			proxyType = 1;
			remoteGlobalIDString = CEAB08FA1B80D05D002C57CE;
			remoteInfo = NSThread2;
		};
/* End PBXContainerItemProxy section */

/* Begin PBXFileReference section */
		CEAB08FB1B80D05D002C57CE /* NSThread2.app */ = {isa = PBXFileReference; explicitFileType = wrapper.application; includeInIndex = 0; path = NSThread2.app; sourceTree = BUILT_PRODUCTS_DIR; };
		CEAB08FF1B80D05D002C57CE /* Info.plist */ = {isa = PBXFileReference; lastKnownFileType = text.plist.xml; path = Info.plist; sourceTree = "<group>"; };
		CEAB09001B80D05D002C57CE /* main.m */ = {isa = PBXFileReference; lastKnownFileType = sourcecode.c.objc; path = main.m; sourceTree = "<group>"; };
		CEAB09021B80D05D002C57CE /* AppDelegate.h */ = {isa = PBXFileReference; lastKnownFileType = sourcecode.c.h; path = AppDelegate.h; sourceTree = "<group>"; };
		CEAB09031B80D05D002C57CE /* AppDelegate.m */ = {isa = PBXFileReference; lastKnownFileType = sourcecode.c.objc; path = AppDelegate.m; sourceTree = "<group>"; };
		CEAB09051B80D05D002C57CE /* ViewController.h */ = {isa = PBXFileReference; lastKnownFileType = sourcecode.c.h; path = ViewController.h; sourceTree = "<group>"; };
		CEAB09061B80D05D002C57CE /* ViewController.m */ = {isa = PBXFileReference; lastKnownFileType = sourcecode.c.objc; path = ViewController.m; sourceTree = "<group>"; };
		CEAB09091B80D05D002C57CE /* Base */ = {isa = PBXFileReference; lastKnownFileType = file.storyboard; name = Base; path = Base.lproj/Main.storyboard; sourceTree = "<group>"; };
		CEAB090B1B80D05D002C57CE /* Images.xcassets */ = {isa = PBXFileReference; lastKnownFileType = folder.assetcatalog; path = Images.xcassets; sourceTree = "<group>"; };
		CEAB090E1B80D05D002C57CE /* Base */ = {isa = PBXFileReference; lastKnownFileType = file.xib; name = Base; path = Base.lproj/LaunchScreen.xib; sourceTree = "<group>"; };
		CEAB09141B80D05D002C57CE /* NSThread2Tests.xctest */ = {isa = PBXFileReference; explicitFileType = wrapper.cfbundle; includeInIndex = 0; path = NSThread2Tests.xctest; sourceTree = BUILT_PRODUCTS_DIR; };
		CEAB09191B80D05D002C57CE /* Info.plist */ = {isa = PBXFileReference; lastKnownFileType = text.plist.xml; path = Info.plist; sourceTree = "<group>"; };
		CEAB091A1B80D05D002C57CE /* NSThread2Tests.m */ = {isa = PBXFileReference; lastKnownFileType = sourcecode.c.objc; path = NSThread2Tests.m; sourceTree = "<group>"; };
/* End PBXFileReference section */

/* Begin PBXFrameworksBuildPhase section */
		CEAB08F81B80D05D002C57CE /* Frameworks */ = {
			isa = PBXFrameworksBuildPhase;
			buildActionMask = 2147483647;
			files = (
			);
			runOnlyForDeploymentPostprocessing = 0;
		};
		CEAB09111B80D05D002C57CE /* Frameworks */ = {
			isa = PBXFrameworksBuildPhase;
			buildActionMask = 2147483647;
			files = (
			);
			runOnlyForDeploymentPostprocessing = 0;
		};
/* End PBXFrameworksBuildPhase section */

/* Begin PBXGroup section */
		CEAB08F21B80D05C002C57CE = {
			isa = PBXGroup;
			children = (
				CEAB08FD1B80D05D002C57CE /* NSThread2 */,
				CEAB09171B80D05D002C57CE /* NSThread2Tests */,
				CEAB08FC1B80D05D002C57CE /* Products */,
			);
			sourceTree = "<group>";
		};
		CEAB08FC1B80D05D002C57CE /* Products */ = {
			isa = PBXGroup;
			children = (
				CEAB08FB1B80D05D002C57CE /* NSThread2.app */,
				CEAB09141B80D05D002C57CE /* NSThread2Tests.xctest */,
			);
			name = Products;
			sourceTree = "<group>";
		};
		CEAB08FD1B80D05D002C57CE /* NSThread2 */ = {
			isa = PBXGroup;
			children = (
				CEAB09021B80D05D002C57CE /* AppDelegate.h */,
				CEAB09031B80D05D002C57CE /* AppDelegate.m */,
				CEAB09051B80D05D002C57CE /* ViewController.h */,
				CEAB09061B80D05D002C57CE /* ViewController.m */,
				CEAB09081B80D05D002C57CE /* Main.storyboard */,
				CEAB090B1B80D05D002C57CE /* Images.xcassets */,
				CEAB090D1B80D05D002C57CE /* LaunchScreen.xib */,
				CEAB08FE1B80D05D002C57CE /* Supporting Files */,
			);
			path = NSThread2;
			sourceTree = "<group>";
		};
		CEAB08FE1B80D05D002C57CE /* Supporting Files */ = {
			isa = PBXGroup;
			children = (
				CEAB08FF1B80D05D002C57CE /* Info.plist */,
				CEAB09001B80D05D002C57CE /* main.m */,
			);
			name = "Supporting Files";
			sourceTree = "<group>";
		};
		CEAB09171B80D05D002C57CE /* NSThread2Tests */ = {
			isa = PBXGroup;
			children = (
				CEAB091A1B80D05D002C57CE /* NSThread2Tests.m */,
				CEAB09181B80D05D002C57CE /* Supporting Files */,
			);
			path = NSThread2Tests;
			sourceTree = "<group>";
		};
		CEAB09181B80D05D002C57CE /* Supporting Files */ = {
			isa = PBXGroup;
			children = (
				CEAB09191B80D05D002C57CE /* Info.plist */,
			);
			name = "Supporting Files";
			sourceTree = "<group>";
		};
/* End PBXGroup section */

/* Begin PBXNativeTarget section */
		CEAB08FA1B80D05D002C57CE /* NSThread2 */ = {
			isa = PBXNativeTarget;
			buildConfigurationList = CEAB091E1B80D05D002C57CE /* Build configuration list for PBXNativeTarget "NSThread2" */;
			buildPhases = (
				CEAB08F71B80D05D002C57CE /* Sources */,
				CEAB08F81B80D05D002C57CE /* Frameworks */,
				CEAB08F91B80D05D002C57CE /* Resources */,
			);
			buildRules = (
			);
			dependencies = (
			);
			name = NSThread2;
			productName = NSThread2;
			productReference = CEAB08FB1B80D05D002C57CE /* NSThread2.app */;
			productType = "com.apple.product-type.application";
		};
		CEAB09131B80D05D002C57CE /* NSThread2Tests */ = {
			isa = PBXNativeTarget;
			buildConfigurationList = CEAB09211B80D05D002C57CE /* Build configuration list for PBXNativeTarget "NSThread2Tests" */;
			buildPhases = (
				CEAB09101B80D05D002C57CE /* Sources */,
				CEAB09111B80D05D002C57CE /* Frameworks */,
				CEAB09121B80D05D002C57CE /* Resources */,
			);
			buildRules = (
			);
			dependencies = (
				CEAB09161B80D05D002C57CE /* PBXTargetDependency */,
			);
			name = NSThread2Tests;
			productName = NSThread2Tests;
			productReference = CEAB09141B80D05D002C57CE /* NSThread2Tests.xctest */;
			productType = "com.apple.product-type.bundle.unit-test";
		};
/* End PBXNativeTarget section */

/* Begin PBXProject section */
		CEAB08F31B80D05C002C57CE /* Project object */ = {
			isa = PBXProject;
			attributes = {
				LastUpgradeCheck = 0640;
				ORGANIZATIONNAME = hesc;
				TargetAttributes = {
					CEAB08FA1B80D05D002C57CE = {
						CreatedOnToolsVersion = 6.4;
					};
					CEAB09131B80D05D002C57CE = {
						CreatedOnToolsVersion = 6.4;
						TestTargetID = CEAB08FA1B80D05D002C57CE;
					};
				};
			};
			buildConfigurationList = CEAB08F61B80D05C002C57CE /* Build configuration list for PBXProject "NSThread2" */;
			compatibilityVersion = "Xcode 3.2";
			developmentRegion = English;
			hasScannedForEncodings = 0;
			knownRegions = (
				en,
				Base,
			);
			mainGroup = CEAB08F21B80D05C002C57CE;
			productRefGroup = CEAB08FC1B80D05D002C57CE /* Products */;
			projectDirPath = "";
			projectRoot = "";
			targets = (
				CEAB08FA1B80D05D002C57CE /* NSThread2 */,
				CEAB09131B80D05D002C57CE /* NSThread2Tests */,
			);
		};
/* End PBXProject section */

/* Begin PBXResourcesBuildPhase section */
		CEAB08F91B80D05D002C57CE /* Resources */ = {
			isa = PBXResourcesBuildPhase;
			buildActionMask = 2147483647;
			files = (
				CEAB090A1B80D05D002C57CE /* Main.storyboard in Resources */,
				CEAB090F1B80D05D002C57CE /* LaunchScreen.xib in Resources */,
				CEAB090C1B80D05D002C57CE /* Images.xcassets in Resources */,
			);
			runOnlyForDeploymentPostprocessing = 0;
		};
		CEAB09121B80D05D002C57CE /* Resources */ = {
			isa = PBXResourcesBuildPhase;
			buildActionMask = 2147483647;
			files = (
			);
			runOnlyForDeploymentPostprocessing = 0;
		};
/* End PBXResourcesBuildPhase section */

/* Begin PBXSourcesBuildPhase section */
		CEAB08F71B80D05D002C57CE /* Sources */ = {
			isa = PBXSourcesBuildPhase;
			buildActionMask = 2147483647;
			files = (
				CEAB09071B80D05D002C57CE /* ViewController.m in Sources */,
				CEAB09041B80D05D002C57CE /* AppDelegate.m in Sources */,
				CEAB09011B80D05D002C57CE /* main.m in Sources */,
			);
			runOnlyForDeploymentPostprocessing = 0;
		};
		CEAB09101B80D05D002C57CE /* Sources */ = {
			isa = PBXSourcesBuildPhase;
			buildActionMask = 2147483647;
			files = (
				CEAB091B1B80D05D002C57CE /* NSThread2Tests.m in Sources */,
			);
			runOnlyForDeploymentPostprocessing = 0;
		};
/* End PBXSourcesBuildPhase section */

/* Begin PBXTargetDependency section */
		CEAB09161B80D05D002C57CE /* PBXTargetDependency */ = {
			isa = PBXTargetDependency;
			target = CEAB08FA1B80D05D002C57CE /* NSThread2 */;
			targetProxy = CEAB09151B80D05D002C57CE /* PBXContainerItemProxy */;
		};
/* End PBXTargetDependency section */

/* Begin PBXVariantGroup section */
		CEAB09081B80D05D002C57CE /* Main.storyboard */ = {
			isa = PBXVariantGroup;
			children = (
				CEAB09091B80D05D002C57CE /* Base */,
			);
			name = Main.storyboard;
			sourceTree = "<group>";
		};
		CEAB090D1B80D05D002C57CE /* LaunchScreen.xib */ = {
			isa = PBXVariantGroup;
			children = (
				CEAB090E1B80D05D002C57CE /* Base */,
			);
			name = LaunchScreen.xib;
			sourceTree = "<group>";
		};
/* End PBXVariantGroup section */

/* Begin XCBuildConfiguration section */
		CEAB091C1B80D05D002C57CE /* Debug */ = {
			isa = XCBuildConfiguration;
			buildSettings = {
				ALWAYS_SEARCH_USER_PATHS = NO;
				CLANG_CXX_LANGUAGE_STANDARD = "gnu++0x";
				CLANG_CXX_LIBRARY = "libc++";
				CLANG_ENABLE_MODULES = YES;
				CLANG_ENABLE_OBJC_ARC = YES;
				CLANG_WARN_BOOL_CONVERSION = YES;
				CLANG_WARN_CONSTANT_CONVERSION = YES;
				CLANG_WARN_DIRECT_OBJC_ISA_USAGE = YES_ERROR;
				CLANG_WARN_EMPTY_BODY = YES;
				CLANG_WARN_ENUM_CONVERSION = YES;
				CLANG_WARN_INT_CONVERSION = YES;
				CLANG_WARN_OBJC_ROOT_CLASS = YES_ERROR;
				CLANG_WARN_UNREACHABLE_CODE = YES;
				CLANG_WARN__DUPLICATE_METHOD_MATCH = YES;
				"CODE_SIGN_IDENTITY[sdk=iphoneos*]" = "iPhone Developer";
				COPY_PHASE_STRIP = NO;
				DEBUG_INFORMATION_FORMAT = "dwarf-with-dsym";
				ENABLE_STRICT_OBJC_MSGSEND = YES;
				GCC_C_LANGUAGE_STANDARD = gnu99;
				GCC_DYNAMIC_NO_PIC = NO;
				GCC_NO_COMMON_BLOCKS = YES;
				GCC_OPTIMIZATION_LEVEL = 0;
				GCC_PREPROCESSOR_DEFINITIONS = (
					"DEBUG=1",
					"$(inherited)",
				);
				GCC_SYMBOLS_PRIVATE_EXTERN = NO;
				GCC_WARN_64_TO_32_BIT_CONVERSION = YES;
				GCC_WARN_ABOUT_RETURN_TYPE = YES_ERROR;
				GCC_WARN_UNDECLARED_SELECTOR = YES;
				GCC_WARN_UNINITIALIZED_AUTOS = YES_AGGRESSIVE;
				GCC_WARN_UNUSED_FUNCTION = YES;
				GCC_WARN_UNUSED_VARIABLE = YES;
				IPHONEOS_DEPLOYMENT_TARGET = 8.4;
				MTL_ENABLE_DEBUG_INFO = YES;
				ONLY_ACTIVE_ARCH = YES;
				SDKROOT = iphoneos;
				TARGETED_DEVICE_FAMILY = "1,2";
			};
			name = Debug;
		};
		CEAB091D1B80D05D002C57CE /* Release */ = {
			isa = XCBuildConfiguration;
			buildSettings = {
				ALWAYS_SEARCH_USER_PATHS = NO;
				CLANG_CXX_LANGUAGE_STANDARD = "gnu++0x";
				CLANG_CXX_LIBRARY = "libc++";
				CLANG_ENABLE_MODULES = YES;
				CLANG_ENABLE_OBJC_ARC = YES;
				CLANG_WARN_BOOL_CONVERSION = YES;
				CLANG_WARN_CONSTANT_CONVERSION = YES;
				CLANG_WARN_DIRECT_OBJC_ISA_USAGE = YES_ERROR;
				CLANG_WARN_EMPTY_BODY = YES;
				CLANG_WARN_ENUM_CONVERSION = YES;
				CLANG_WARN_INT_CONVERSION = YES;
				CLANG_WARN_OBJC_ROOT_CLASS = YES_ERROR;
				CLANG_WARN_UNREACHABLE_CODE = YES;
				CLANG_WARN__DUPLICATE_METHOD_MATCH = YES;
				"CODE_SIGN_IDENTITY[sdk=iphoneos*]" = "iPhone Developer";
				COPY_PHASE_STRIP = NO;
				DEBUG_INFORMATION_FORMAT = "dwarf-with-dsym";
				ENABLE_NS_ASSERTIONS = NO;
				ENABLE_STRICT_OBJC_MSGSEND = YES;
				GCC_C_LANGUAGE_STANDARD = gnu99;
				GCC_NO_COMMON_BLOCKS = YES;
				GCC_WARN_64_TO_32_BIT_CONVERSION = YES;
				GCC_WARN_ABOUT_RETURN_TYPE = YES_ERROR;
				GCC_WARN_UNDECLARED_SELECTOR = YES;
				GCC_WARN_UNINITIALIZED_AUTOS = YES_AGGRESSIVE;
				GCC_WARN_UNUSED_FUNCTION = YES;
				GCC_WARN_UNUSED_VARIABLE = YES;
				IPHONEOS_DEPLOYMENT_TARGET = 8.4;
				MTL_ENABLE_DEBUG_INFO = NO;
				SDKROOT = iphoneos;
				TARGETED_DEVICE_FAMILY = "1,2";
				VALIDATE_PRODUCT = YES;
			};
			name = Release;
		};
		CEAB091F1B80D05D002C57CE /* Debug */ = {
			isa = XCBuildConfiguration;
			buildSettings = {
				ASSETCATALOG_COMPILER_APPICON_NAME = AppIcon;
				INFOPLIST_FILE = NSThread2/Info.plist;
				LD_RUNPATH_SEARCH_PATHS = "$(inherited) @executable_path/Frameworks";
				PRODUCT_NAME = "$(TARGET_NAME)";
			};
			name = Debug;
		};
		CEAB09201B80D05D002C57CE /* Release */ = {
			isa = XCBuildConfiguration;
			buildSettings = {
				ASSETCATALOG_COMPILER_APPICON_NAME = AppIcon;
				INFOPLIST_FILE = NSThread2/Info.plist;
				LD_RUNPATH_SEARCH_PATHS = "$(inherited) @executable_path/Frameworks";
				PRODUCT_NAME = "$(TARGET_NAME)";
			};
			name = Release;
		};
		CEAB09221B80D05D002C57CE /* Debug */ = {
			isa = XCBuildConfiguration;
			buildSettings = {
				BUNDLE_LOADER = "$(TEST_HOST)";
				FRAMEWORK_SEARCH_PATHS = (
					"$(SDKROOT)/Developer/Library/Frameworks",
					"$(inherited)",
				);
				GCC_PREPROCESSOR_DEFINITIONS = (
					"DEBUG=1",
					"$(inherited)",
				);
				INFOPLIST_FILE = NSThread2Tests/Info.plist;
				LD_RUNPATH_SEARCH_PATHS = "$(inherited) @executable_path/Frameworks @loader_path/Frameworks";
				PRODUCT_NAME = "$(TARGET_NAME)";
				TEST_HOST = "$(BUILT_PRODUCTS_DIR)/NSThread2.app/NSThread2";
			};
			name = Debug;
		};
		CEAB09231B80D05D002C57CE /* Release */ = {
			isa = XCBuildConfiguration;
			buildSettings = {
				BUNDLE_LOADER = "$(TEST_HOST)";
				FRAMEWORK_SEARCH_PATHS = (
					"$(SDKROOT)/Developer/Library/Frameworks",
					"$(inherited)",
				);
				INFOPLIST_FILE = NSThread2Tests/Info.plist;
				LD_RUNPATH_SEARCH_PATHS = "$(inherited) @executable_path/Frameworks @loader_path/Frameworks";
				PRODUCT_NAME = "$(TARGET_NAME)";
				TEST_HOST = "$(BUILT_PRODUCTS_DIR)/NSThread2.app/NSThread2";
			};
			name = Release;
		};
/* End XCBuildConfiguration section */

/* Begin XCConfigurationList section */
		CEAB08F61B80D05C002C57CE /* Build configuration list for PBXProject "NSThread2" */ = {
			isa = XCConfigurationList;
			buildConfigurations = (
				CEAB091C1B80D05D002C57CE /* Debug */,
				CEAB091D1B80D05D002C57CE /* Release */,
			);
			defaultConfigurationIsVisible = 0;
			defaultConfigurationName = Release;
		};
		CEAB091E1B80D05D002C57CE /* Build configuration list for PBXNativeTarget "NSThread2" */ = {
			isa = XCConfigurationList;
			buildConfigurations = (
				CEAB091F1B80D05D002C57CE /* Debug */,
				CEAB09201B80D05D002C57CE /* Release */,
			);
			defaultConfigurationIsVisible = 0;
		};
		CEAB09211B80D05D002C57CE /* Build configuration list for PBXNativeTarget "NSThread2Tests" */ = {
			isa = XCConfigurationList;
			buildConfigurations = (
				CEAB09221B80D05D002C57CE /* Debug */,
				CEAB09231B80D05D002C57CE /* Release */,
			);
			defaultConfigurationIsVisible = 0;
		};
/* End XCConfigurationList section */
	};
	rootObject = CEAB08F31B80D05C002C57CE /* Project object */;
}
